
Microsoft Visual Studio Solution File, Format Version 12.00
# Visual Studio Version 17
VisualStudioVersion = 17.13.35825.156 d17.13
MinimumVisualStudioVersion = 10.0.40219.1
Project("{54A90642-561A-4BB1-A94E-469ADEE60C69}") = "WorkTask_20_04_25", "WorkTask_20_04_25.esproj", "{FCD1B436-30C9-FCB6-C7F0-0156A4ECE303}"
EndProject
Global
	GlobalSection(SolutionConfigurationPlatforms) = preSolution
		Debug|Any CPU = Debug|Any CPU
		Release|Any CPU = Release|Any CPU
	EndGlobalSection
	GlobalSection(ProjectConfigurationPlatforms) = postSolution
		{FCD1B436-30C9-FCB6-C7F0-0156A4ECE303}.Debug|Any CPU.ActiveCfg = Debug|Any CPU
		{FCD1B436-30C9-FCB6-C7F0-0156A4ECE303}.Debug|Any CPU.Build.0 = Debug|Any CPU
		{FCD1B436-30C9-FCB6-C7F0-0156A4ECE303}.Debug|Any CPU.Deploy.0 = Debug|Any CPU
		{FCD1B436-30C9-FCB6-C7F0-0156A4ECE303}.Release|Any CPU.ActiveCfg = Release|Any CPU
		{FCD1B436-30C9-FCB6-C7F0-0156A4ECE303}.Release|Any CPU.Build.0 = Release|Any CPU
		{FCD1B436-30C9-FCB6-C7F0-0156A4ECE303}.Release|Any CPU.Deploy.0 = Release|Any CPU
	EndGlobalSection
	GlobalSection(SolutionProperties) = preSolution
		HideSolutionNode = FALSE
	EndGlobalSection
	GlobalSection(ExtensibilityGlobals) = postSolution
		SolutionGuid = {F28FF715-34BD-48A8-BFB4-C3D99ABF8040}
	EndGlobalSection
EndGlobal
